
Microsoft Visual Studio Solution File, Format Version 12.00
# Visual Studio Version 17
VisualStudioVersion = 17.1.32328.378
MinimumVisualStudioVersion = 10.0.40219.1
Project("{9A19103F-16F7-4668-BE54-9A1E7A4F7556}") = "TinyUrl.API", "TinyUrl.API.csproj", "{7A5F6A2D-ED5D-4EDC-A0CB-C5F4A2EBFBBE}"
EndProject
Project("{FAE04EC0-301F-11D3-BF4B-00C04F79EFBC}") = "TinyUrl.Repository", "..\TinyUrl.Repository\TinyUrl.Repository.csproj", "{5438AA7F-DEFB-4E6B-ADA4-8C4178086DBE}"
EndProject
Project("{FAE04EC0-301F-11D3-BF4B-00C04F79EFBC}") = "TinyUrl.Service", "..\TinyUrl.Service\TinyUrl.Service.csproj", "{18051ED3-2B72-4D86-8723-419B2C606B1B}"
EndProject
Global
	GlobalSection(SolutionConfigurationPlatforms) = preSolution
		Debug|Any CPU = Debug|Any CPU
		Release|Any CPU = Release|Any CPU
	EndGlobalSection
	GlobalSection(ProjectConfigurationPlatforms) = postSolution
		{7A5F6A2D-ED5D-4EDC-A0CB-C5F4A2EBFBBE}.Debug|Any CPU.ActiveCfg = Debug|Any CPU
		{7A5F6A2D-ED5D-4EDC-A0CB-C5F4A2EBFBBE}.Debug|Any CPU.Build.0 = Debug|Any CPU
		{7A5F6A2D-ED5D-4EDC-A0CB-C5F4A2EBFBBE}.Release|Any CPU.ActiveCfg = Release|Any CPU
		{7A5F6A2D-ED5D-4EDC-A0CB-C5F4A2EBFBBE}.Release|Any CPU.Build.0 = Release|Any CPU
		{5438AA7F-DEFB-4E6B-ADA4-8C4178086DBE}.Debug|Any CPU.ActiveCfg = Debug|Any CPU
		{5438AA7F-DEFB-4E6B-ADA4-8C4178086DBE}.Debug|Any CPU.Build.0 = Debug|Any CPU
		{5438AA7F-DEFB-4E6B-ADA4-8C4178086DBE}.Release|Any CPU.ActiveCfg = Release|Any CPU
		{5438AA7F-DEFB-4E6B-ADA4-8C4178086DBE}.Release|Any CPU.Build.0 = Release|Any CPU
		{18051ED3-2B72-4D86-8723-419B2C606B1B}.Debug|Any CPU.ActiveCfg = Debug|Any CPU
		{18051ED3-2B72-4D86-8723-419B2C606B1B}.Debug|Any CPU.Build.0 = Debug|Any CPU
		{18051ED3-2B72-4D86-8723-419B2C606B1B}.Release|Any CPU.ActiveCfg = Release|Any CPU
		{18051ED3-2B72-4D86-8723-419B2C606B1B}.Release|Any CPU.Build.0 = Release|Any CPU
	EndGlobalSection
	GlobalSection(SolutionProperties) = preSolution
		HideSolutionNode = FALSE
	EndGlobalSection
	GlobalSection(ExtensibilityGlobals) = postSolution
		SolutionGuid = {F2C4E1AF-41D9-43FA-BC95-8B52E763A6DC}
	EndGlobalSection
EndGlobal
